
Microsoft Visual Studio Solution File, Format Version 11.00
# Visual C# Express 2010
Project("{FAE04EC0-301F-11D3-BF4B-00C04F79EFBC}") = "Burt", "Burt\Burt.csproj", "{8C2BF123-FD7C-4E23-8504-E9DA12ABC134}"
EndProject
Project("{FAE04EC0-301F-11D3-BF4B-00C04F79EFBC}") = "WiFly", "..\WiFly\WiFly\WiFly.csproj", "{492290AC-FF92-422B-9954-22B43BA7B8C7}"
EndProject
Global
	GlobalSection(SolutionConfigurationPlatforms) = preSolution
		Debug|Any CPU = Debug|Any CPU
		Release|Any CPU = Release|Any CPU
	EndGlobalSection
	GlobalSection(ProjectConfigurationPlatforms) = postSolution
		{8C2BF123-FD7C-4E23-8504-E9DA12ABC134}.Debug|Any CPU.ActiveCfg = Debug|Any CPU
		{8C2BF123-FD7C-4E23-8504-E9DA12ABC134}.Debug|Any CPU.Build.0 = Debug|Any CPU
		{8C2BF123-FD7C-4E23-8504-E9DA12ABC134}.Debug|Any CPU.Deploy.0 = Debug|Any CPU
		{8C2BF123-FD7C-4E23-8504-E9DA12ABC134}.Release|Any CPU.ActiveCfg = Release|Any CPU
		{8C2BF123-FD7C-4E23-8504-E9DA12ABC134}.Release|Any CPU.Build.0 = Release|Any CPU
		{8C2BF123-FD7C-4E23-8504-E9DA12ABC134}.Release|Any CPU.Deploy.0 = Release|Any CPU
		{492290AC-FF92-422B-9954-22B43BA7B8C7}.Debug|Any CPU.ActiveCfg = Debug|Any CPU
		{492290AC-FF92-422B-9954-22B43BA7B8C7}.Debug|Any CPU.Build.0 = Debug|Any CPU
		{492290AC-FF92-422B-9954-22B43BA7B8C7}.Release|Any CPU.ActiveCfg = Release|Any CPU
		{492290AC-FF92-422B-9954-22B43BA7B8C7}.Release|Any CPU.Build.0 = Release|Any CPU
	EndGlobalSection
	GlobalSection(SolutionProperties) = preSolution
		HideSolutionNode = FALSE
	EndGlobalSection
EndGlobal
