
Microsoft Visual Studio Solution File, Format Version 11.00
# Visual C# Express 2010
Project("{FAE04EC0-301F-11D3-BF4B-00C04F79EFBC}") = "Burt_ControlApp", "Burt_ControlApp\Burt_ControlApp.csproj", "{D91B6445-2FDB-48E0-92B3-81554F8B145F}"
EndProject
Global
	GlobalSection(SolutionConfigurationPlatforms) = preSolution
		Debug|x86 = Debug|x86
		Release|x86 = Release|x86
	EndGlobalSection
	GlobalSection(ProjectConfigurationPlatforms) = postSolution
		{D91B6445-2FDB-48E0-92B3-81554F8B145F}.Debug|x86.ActiveCfg = Debug|x86
		{D91B6445-2FDB-48E0-92B3-81554F8B145F}.Debug|x86.Build.0 = Debug|x86
		{D91B6445-2FDB-48E0-92B3-81554F8B145F}.Release|x86.ActiveCfg = Release|x86
		{D91B6445-2FDB-48E0-92B3-81554F8B145F}.Release|x86.Build.0 = Release|x86
	EndGlobalSection
	GlobalSection(SolutionProperties) = preSolution
		HideSolutionNode = FALSE
	EndGlobalSection
EndGlobal
