
Microsoft Visual Studio Solution File, Format Version 11.00
# Visual C# Express 2010
Project("{FAE04EC0-301F-11D3-BF4B-00C04F79EFBC}") = "Audio Analysis and Head Tracking", "Audio Analysis and Head Tracking\Audio Analysis and Head Tracking.csproj", "{B207541C-D25D-470C-B0D4-95D8C9E630EC}"
EndProject
Global
	GlobalSection(SolutionConfigurationPlatforms) = preSolution
		Debug|Any CPU = Debug|Any CPU
		Release|Any CPU = Release|Any CPU
	EndGlobalSection
	GlobalSection(ProjectConfigurationPlatforms) = postSolution
		{B207541C-D25D-470C-B0D4-95D8C9E630EC}.Debug|Any CPU.ActiveCfg = Debug|Any CPU
		{B207541C-D25D-470C-B0D4-95D8C9E630EC}.Debug|Any CPU.Build.0 = Debug|Any CPU
		{B207541C-D25D-470C-B0D4-95D8C9E630EC}.Debug|Any CPU.Deploy.0 = Debug|Any CPU
		{B207541C-D25D-470C-B0D4-95D8C9E630EC}.Release|Any CPU.ActiveCfg = Release|Any CPU
		{B207541C-D25D-470C-B0D4-95D8C9E630EC}.Release|Any CPU.Build.0 = Release|Any CPU
		{B207541C-D25D-470C-B0D4-95D8C9E630EC}.Release|Any CPU.Deploy.0 = Release|Any CPU
	EndGlobalSection
	GlobalSection(SolutionProperties) = preSolution
		HideSolutionNode = FALSE
	EndGlobalSection
EndGlobal
